
Microsoft Visual Studio Solution File, Format Version 12.00
# Visual Studio 2012
Project("{FAE04EC0-301F-11D3-BF4B-00C04F79EFBC}") = "DockerOTG", "DockerOTG\DockerOTG.csproj", "{9C41FB22-8F17-49D3-8F09-97DBCA46B4CF}"
EndProject
Project("{FAE04EC0-301F-11D3-BF4B-00C04F79EFBC}") = "DockerOTG.Tests", "DockerOTG.Tests\DockerOTG.Tests.csproj", "{3E09ABBE-04CC-409D-A799-59C7A025249D}"
EndProject
Global
	GlobalSection(SolutionConfigurationPlatforms) = preSolution
		Debug|Any CPU = Debug|Any CPU
		Release|Any CPU = Release|Any CPU
	EndGlobalSection
	GlobalSection(ProjectConfigurationPlatforms) = postSolution
		{9C41FB22-8F17-49D3-8F09-97DBCA46B4CF}.Debug|Any CPU.ActiveCfg = Debug|Any CPU
		{9C41FB22-8F17-49D3-8F09-97DBCA46B4CF}.Debug|Any CPU.Build.0 = Debug|Any CPU
		{9C41FB22-8F17-49D3-8F09-97DBCA46B4CF}.Release|Any CPU.ActiveCfg = Release|Any CPU
		{9C41FB22-8F17-49D3-8F09-97DBCA46B4CF}.Release|Any CPU.Build.0 = Release|Any CPU
		{3E09ABBE-04CC-409D-A799-59C7A025249D}.Debug|Any CPU.ActiveCfg = Debug|Any CPU
		{3E09ABBE-04CC-409D-A799-59C7A025249D}.Debug|Any CPU.Build.0 = Debug|Any CPU
		{3E09ABBE-04CC-409D-A799-59C7A025249D}.Release|Any CPU.ActiveCfg = Release|Any CPU
		{3E09ABBE-04CC-409D-A799-59C7A025249D}.Release|Any CPU.Build.0 = Release|Any CPU
	EndGlobalSection
	GlobalSection(SolutionProperties) = preSolution
		HideSolutionNode = FALSE
	EndGlobalSection
EndGlobal
